
Microsoft Visual Studio Solution File, Format Version 12.00
# Visual Studio 2012
Project("{FAE04EC0-301F-11D3-BF4B-00C04F79EFBC}") = "Silvestris.Web", "Silvestris.Web\Silvestris.Web.csproj", "{FD91AAC4-F643-4EE9-9950-D216FDB5E23C}"
EndProject
Project("{FAE04EC0-301F-11D3-BF4B-00C04F79EFBC}") = "Silvestris.Web.Tests", "Silvestris.Web.Tests\Silvestris.Web.Tests.csproj", "{DCC05F0D-1A4E-43A2-A218-72A363C7F8EC}"
EndProject
Global
	GlobalSection(SolutionConfigurationPlatforms) = preSolution
		Debug|Any CPU = Debug|Any CPU
		Release|Any CPU = Release|Any CPU
	EndGlobalSection
	GlobalSection(ProjectConfigurationPlatforms) = postSolution
		{FD91AAC4-F643-4EE9-9950-D216FDB5E23C}.Debug|Any CPU.ActiveCfg = Debug|Any CPU
		{FD91AAC4-F643-4EE9-9950-D216FDB5E23C}.Debug|Any CPU.Build.0 = Debug|Any CPU
		{FD91AAC4-F643-4EE9-9950-D216FDB5E23C}.Release|Any CPU.ActiveCfg = Release|Any CPU
		{FD91AAC4-F643-4EE9-9950-D216FDB5E23C}.Release|Any CPU.Build.0 = Release|Any CPU
		{DCC05F0D-1A4E-43A2-A218-72A363C7F8EC}.Debug|Any CPU.ActiveCfg = Debug|Any CPU
		{DCC05F0D-1A4E-43A2-A218-72A363C7F8EC}.Debug|Any CPU.Build.0 = Debug|Any CPU
		{DCC05F0D-1A4E-43A2-A218-72A363C7F8EC}.Release|Any CPU.ActiveCfg = Release|Any CPU
		{DCC05F0D-1A4E-43A2-A218-72A363C7F8EC}.Release|Any CPU.Build.0 = Release|Any CPU
	EndGlobalSection
	GlobalSection(SolutionProperties) = preSolution
		HideSolutionNode = FALSE
	EndGlobalSection
EndGlobal
